
Microsoft Visual Studio Solution File, Format Version 12.00
# Visual Studio 14
VisualStudioVersion = 14.0.25420.1
MinimumVisualStudioVersion = 10.0.40219.1
Project("{FAE04EC0-301F-11D3-BF4B-00C04F79EFBC}") = "WebApplication1", "WebApplication1\WebApplication1.csproj", "{7CCA6EFA-F0AB-425C-AB95-B8699A25637B}"
EndProject
Project("{FAE04EC0-301F-11D3-BF4B-00C04F79EFBC}") = "Service", "Service\Service.csproj", "{84ECD4F4-BF87-4844-A8B7-C4977C34B24C}"
EndProject
Global
	GlobalSection(SolutionConfigurationPlatforms) = preSolution
		Debug|Any CPU = Debug|Any CPU
		Release|Any CPU = Release|Any CPU
	EndGlobalSection
	GlobalSection(ProjectConfigurationPlatforms) = postSolution
		{7CCA6EFA-F0AB-425C-AB95-B8699A25637B}.Debug|Any CPU.ActiveCfg = Debug|Any CPU
		{7CCA6EFA-F0AB-425C-AB95-B8699A25637B}.Debug|Any CPU.Build.0 = Debug|Any CPU
		{7CCA6EFA-F0AB-425C-AB95-B8699A25637B}.Release|Any CPU.ActiveCfg = Release|Any CPU
		{7CCA6EFA-F0AB-425C-AB95-B8699A25637B}.Release|Any CPU.Build.0 = Release|Any CPU
		{84ECD4F4-BF87-4844-A8B7-C4977C34B24C}.Debug|Any CPU.ActiveCfg = Debug|Any CPU
		{84ECD4F4-BF87-4844-A8B7-C4977C34B24C}.Debug|Any CPU.Build.0 = Debug|Any CPU
		{84ECD4F4-BF87-4844-A8B7-C4977C34B24C}.Release|Any CPU.ActiveCfg = Release|Any CPU
		{84ECD4F4-BF87-4844-A8B7-C4977C34B24C}.Release|Any CPU.Build.0 = Release|Any CPU
	EndGlobalSection
	GlobalSection(SolutionProperties) = preSolution
		HideSolutionNode = FALSE
	EndGlobalSection
EndGlobal
